// !$*UTF8*$!
{
	archiveVersion = 1;
	classes = {
	};
	objectVersion = 48;
	objects = {

/* Begin PBXBuildFile section */
		AC2AB70B1FE1AB04009794BD /* GameScene.swift in Sources */ = {isa = PBXBuildFile; fileRef = AC2AB7081FE1AB03009794BD /* GameScene.swift */; };
		AC2AB70C1FE1AB04009794BD /* LevelCompleteScene.swift in Sources */ = {isa = PBXBuildFile; fileRef = AC2AB7091FE1AB03009794BD /* LevelCompleteScene.swift */; };
		AC2AB70D1FE1AB04009794BD /* StartScene.swift in Sources */ = {isa = PBXBuildFile; fileRef = AC2AB70A1FE1AB04009794BD /* StartScene.swift */; };
		AC2AB7141FE1ADB3009794BD /* laser sound.mp3 in Resources */ = {isa = PBXBuildFile; fileRef = AC2AB70F1FE1ADB2009794BD /* laser sound.mp3 */; };
		AC2AB7151FE1ADB3009794BD /* invader sound.mp3 in Resources */ = {isa = PBXBuildFile; fileRef = AC2AB7101FE1ADB2009794BD /* invader sound.mp3 */; };
		AC2AB7161FE1ADB3009794BD /* powerup sound.mp3 in Resources */ = {isa = PBXBuildFile; fileRef = AC2AB7111FE1ADB2009794BD /* powerup sound.mp3 */; };
		AC2AB7171FE1ADB3009794BD /* boss sound.mp3 in Resources */ = {isa = PBXBuildFile; fileRef = AC2AB7121FE1ADB2009794BD /* boss sound.mp3 */; };
		AC2AB7181FE1ADB3009794BD /* extra sound.mp3 in Resources */ = {isa = PBXBuildFile; fileRef = AC2AB7131FE1ADB2009794BD /* extra sound.mp3 */; };
		AC2AB71B1FE1AE98009794BD /* Utilities.swift in Sources */ = {isa = PBXBuildFile; fileRef = AC2AB71A1FE1AE98009794BD /* Utilities.swift */; };
		AC2AB71D1FE1AF72009794BD /* StarField.sks in Resources */ = {isa = PBXBuildFile; fileRef = AC2AB71C1FE1AF71009794BD /* StarField.sks */; };
		AC2AB7231FE1AFDC009794BD /* Invader.swift in Sources */ = {isa = PBXBuildFile; fileRef = AC2AB71E1FE1AFDC009794BD /* Invader.swift */; };
		AC2AB7241FE1AFDC009794BD /* InvaderLaser.swift in Sources */ = {isa = PBXBuildFile; fileRef = AC2AB71F1FE1AFDC009794BD /* InvaderLaser.swift */; };
		AC2AB7251FE1AFDC009794BD /* Player.swift in Sources */ = {isa = PBXBuildFile; fileRef = AC2AB7201FE1AFDC009794BD /* Player.swift */; };
		AC2AB7261FE1AFDC009794BD /* PlayerLaser.swift in Sources */ = {isa = PBXBuildFile; fileRef = AC2AB7211FE1AFDC009794BD /* PlayerLaser.swift */; };
		AC2AB7271FE1AFDC009794BD /* Projectile.swift in Sources */ = {isa = PBXBuildFile; fileRef = AC2AB7221FE1AFDC009794BD /* Projectile.swift */; };
		AC2AB72C1FE1BC21009794BD /* Main.storyboard in Resources */ = {isa = PBXBuildFile; fileRef = AC2AB72A1FE1B26B009794BD /* Main.storyboard */; };
		AC30F59D1FC35F77007ED23E /* Cuddleable.swift in Sources */ = {isa = PBXBuildFile; fileRef = AC30F59C1FC35F77007ED23E /* Cuddleable.swift */; };
		AC30F59F1FC36019007ED23E /* StuffedAnimal.swift in Sources */ = {isa = PBXBuildFile; fileRef = AC30F59E1FC36019007ED23E /* StuffedAnimal.swift */; };
		AC66CA071FA256D800A98F87 /* AppDelegate.swift in Sources */ = {isa = PBXBuildFile; fileRef = AC66CA061FA256D800A98F87 /* AppDelegate.swift */; };
		AC66CA091FA256D800A98F87 /* ViewController.swift in Sources */ = {isa = PBXBuildFile; fileRef = AC66CA081FA256D800A98F87 /* ViewController.swift */; };
		AC66CA0E1FA256D800A98F87 /* Assets.xcassets in Resources */ = {isa = PBXBuildFile; fileRef = AC66CA0D1FA256D800A98F87 /* Assets.xcassets */; };
		AC66CA111FA256D800A98F87 /* LaunchScreen.storyboard in Resources */ = {isa = PBXBuildFile; fileRef = AC66CA0F1FA256D800A98F87 /* LaunchScreen.storyboard */; };
		AC66CA1C1FA25A9100A98F87 /* CreativityViewController.swift in Sources */ = {isa = PBXBuildFile; fileRef = AC66CA1B1FA25A9100A98F87 /* CreativityViewController.swift */; };
		AC66CA1E1FA25AAA00A98F87 /* AbstractionViewController.swift in Sources */ = {isa = PBXBuildFile; fileRef = AC66CA1D1FA25AAA00A98F87 /* AbstractionViewController.swift */; };
		AC66CA201FA25AC700A98F87 /* DataViewController.swift in Sources */ = {isa = PBXBuildFile; fileRef = AC66CA1F1FA25AC700A98F87 /* DataViewController.swift */; };
		AC66CA221FA25AE000A98F87 /* AlgorithmsViewController.swift in Sources */ = {isa = PBXBuildFile; fileRef = AC66CA211FA25AE000A98F87 /* AlgorithmsViewController.swift */; };
		AC66CA241FA25AF800A98F87 /* ProgrammingViewController.swift in Sources */ = {isa = PBXBuildFile; fileRef = AC66CA231FA25AF800A98F87 /* ProgrammingViewController.swift */; };
		AC66CA261FA25B1100A98F87 /* InternetMasterViewController.swift in Sources */ = {isa = PBXBuildFile; fileRef = AC66CA251FA25B1100A98F87 /* InternetMasterViewController.swift */; };
		AC66CA281FA25CF800A98F87 /* ImpactViewController.swift in Sources */ = {isa = PBXBuildFile; fileRef = AC66CA271FA25CF800A98F87 /* ImpactViewController.swift */; };
		AC96A62B1FCF39E5005C50F8 /* InternetDetailViewController.swift in Sources */ = {isa = PBXBuildFile; fileRef = AC96A62A1FCF39E5005C50F8 /* InternetDetailViewController.swift */; };
		ACAAFF3B1FD9D367007F3FC1 /* ArtCell.swift in Sources */ = {isa = PBXBuildFile; fileRef = ACAAFF3A1FD9D367007F3FC1 /* ArtCell.swift */; };
		ACB973FE1FD72A3D00ACEFD3 /* DrawingView.swift in Sources */ = {isa = PBXBuildFile; fileRef = ACB973FD1FD72A3D00ACEFD3 /* DrawingView.swift */; };
		ACC67DEB1FE9A4CE00DAEE09 /* DeathScene.swift in Sources */ = {isa = PBXBuildFile; fileRef = ACC67DEA1FE9A4CE00DAEE09 /* DeathScene.swift */; };
/* End PBXBuildFile section */

/* Begin PBXFileReference section */
		AC2AB7081FE1AB03009794BD /* GameScene.swift */ = {isa = PBXFileReference; fileEncoding = 4; lastKnownFileType = sourcecode.swift; path = GameScene.swift; sourceTree = "<group>"; };
		AC2AB7091FE1AB03009794BD /* LevelCompleteScene.swift */ = {isa = PBXFileReference; fileEncoding = 4; lastKnownFileType = sourcecode.swift; path = LevelCompleteScene.swift; sourceTree = "<group>"; };
		AC2AB70A1FE1AB04009794BD /* StartScene.swift */ = {isa = PBXFileReference; fileEncoding = 4; lastKnownFileType = sourcecode.swift; path = StartScene.swift; sourceTree = "<group>"; };
		AC2AB70F1FE1ADB2009794BD /* laser sound.mp3 */ = {isa = PBXFileReference; lastKnownFileType = audio.mp3; path = "laser sound.mp3"; sourceTree = "<group>"; };
		AC2AB7101FE1ADB2009794BD /* invader sound.mp3 */ = {isa = PBXFileReference; lastKnownFileType = audio.mp3; path = "invader sound.mp3"; sourceTree = "<group>"; };
		AC2AB7111FE1ADB2009794BD /* powerup sound.mp3 */ = {isa = PBXFileReference; lastKnownFileType = audio.mp3; path = "powerup sound.mp3"; sourceTree = "<group>"; };
		AC2AB7121FE1ADB2009794BD /* boss sound.mp3 */ = {isa = PBXFileReference; lastKnownFileType = audio.mp3; path = "boss sound.mp3"; sourceTree = "<group>"; };
		AC2AB7131FE1ADB2009794BD /* extra sound.mp3 */ = {isa = PBXFileReference; lastKnownFileType = audio.mp3; path = "extra sound.mp3"; sourceTree = "<group>"; };
		AC2AB71A1FE1AE98009794BD /* Utilities.swift */ = {isa = PBXFileReference; fileEncoding = 4; lastKnownFileType = sourcecode.swift; path = Utilities.swift; sourceTree = "<group>"; };
		AC2AB71C1FE1AF71009794BD /* StarField.sks */ = {isa = PBXFileReference; lastKnownFileType = file.sks; path = StarField.sks; sourceTree = "<group>"; };
		AC2AB71E1FE1AFDC009794BD /* Invader.swift */ = {isa = PBXFileReference; fileEncoding = 4; lastKnownFileType = sourcecode.swift; path = Invader.swift; sourceTree = "<group>"; };
		AC2AB71F1FE1AFDC009794BD /* InvaderLaser.swift */ = {isa = PBXFileReference; fileEncoding = 4; lastKnownFileType = sourcecode.swift; path = InvaderLaser.swift; sourceTree = "<group>"; };
		AC2AB7201FE1AFDC009794BD /* Player.swift */ = {isa = PBXFileReference; fileEncoding = 4; lastKnownFileType = sourcecode.swift; path = Player.swift; sourceTree = "<group>"; };
		AC2AB7211FE1AFDC009794BD /* PlayerLaser.swift */ = {isa = PBXFileReference; fileEncoding = 4; lastKnownFileType = sourcecode.swift; path = PlayerLaser.swift; sourceTree = "<group>"; };
		AC2AB7221FE1AFDC009794BD /* Projectile.swift */ = {isa = PBXFileReference; fileEncoding = 4; lastKnownFileType = sourcecode.swift; path = Projectile.swift; sourceTree = "<group>"; };
		AC2AB72A1FE1B26B009794BD /* Main.storyboard */ = {isa = PBXFileReference; lastKnownFileType = file.storyboard; path = Main.storyboard; sourceTree = "<group>"; };
		AC30F59C1FC35F77007ED23E /* Cuddleable.swift */ = {isa = PBXFileReference; lastKnownFileType = sourcecode.swift; path = Cuddleable.swift; sourceTree = "<group>"; };
		AC30F59E1FC36019007ED23E /* StuffedAnimal.swift */ = {isa = PBXFileReference; lastKnownFileType = sourcecode.swift; path = StuffedAnimal.swift; sourceTree = "<group>"; };
		AC66CA031FA256D800A98F87 /* Kashish_CSP.app */ = {isa = PBXFileReference; explicitFileType = wrapper.application; includeInIndex = 0; path = Kashish_CSP.app; sourceTree = BUILT_PRODUCTS_DIR; };
		AC66CA061FA256D800A98F87 /* AppDelegate.swift */ = {isa = PBXFileReference; lastKnownFileType = sourcecode.swift; path = AppDelegate.swift; sourceTree = "<group>"; };
		AC66CA081FA256D800A98F87 /* ViewController.swift */ = {isa = PBXFileReference; lastKnownFileType = sourcecode.swift; path = ViewController.swift; sourceTree = "<group>"; };
		AC66CA0D1FA256D800A98F87 /* Assets.xcassets */ = {isa = PBXFileReference; lastKnownFileType = folder.assetcatalog; path = Assets.xcassets; sourceTree = "<group>"; };
		AC66CA101FA256D800A98F87 /* Base */ = {isa = PBXFileReference; lastKnownFileType = file.storyboard; name = Base; path = Base.lproj/LaunchScreen.storyboard; sourceTree = "<group>"; };
		AC66CA121FA256D800A98F87 /* Info.plist */ = {isa = PBXFileReference; lastKnownFileType = text.plist.xml; path = Info.plist; sourceTree = "<group>"; };
		AC66CA1B1FA25A9100A98F87 /* CreativityViewController.swift */ = {isa = PBXFileReference; lastKnownFileType = sourcecode.swift; path = CreativityViewController.swift; sourceTree = "<group>"; };
		AC66CA1D1FA25AAA00A98F87 /* AbstractionViewController.swift */ = {isa = PBXFileReference; lastKnownFileType = sourcecode.swift; path = AbstractionViewController.swift; sourceTree = "<group>"; };
		AC66CA1F1FA25AC700A98F87 /* DataViewController.swift */ = {isa = PBXFileReference; lastKnownFileType = sourcecode.swift; path = DataViewController.swift; sourceTree = "<group>"; };
		AC66CA211FA25AE000A98F87 /* AlgorithmsViewController.swift */ = {isa = PBXFileReference; lastKnownFileType = sourcecode.swift; path = AlgorithmsViewController.swift; sourceTree = "<group>"; };
		AC66CA231FA25AF800A98F87 /* ProgrammingViewController.swift */ = {isa = PBXFileReference; lastKnownFileType = sourcecode.swift; path = ProgrammingViewController.swift; sourceTree = "<group>"; };
		AC66CA251FA25B1100A98F87 /* InternetMasterViewController.swift */ = {isa = PBXFileReference; lastKnownFileType = sourcecode.swift; path = InternetMasterViewController.swift; sourceTree = "<group>"; };
		AC66CA271FA25CF800A98F87 /* ImpactViewController.swift */ = {isa = PBXFileReference; lastKnownFileType = sourcecode.swift; path = ImpactViewController.swift; sourceTree = "<group>"; };
		AC96A62A1FCF39E5005C50F8 /* InternetDetailViewController.swift */ = {isa = PBXFileReference; lastKnownFileType = sourcecode.swift; path = InternetDetailViewController.swift; sourceTree = "<group>"; };
		ACAAFF3A1FD9D367007F3FC1 /* ArtCell.swift */ = {isa = PBXFileReference; lastKnownFileType = sourcecode.swift; path = ArtCell.swift; sourceTree = "<group>"; };
		ACB973FD1FD72A3D00ACEFD3 /* DrawingView.swift */ = {isa = PBXFileReference; lastKnownFileType = sourcecode.swift; path = DrawingView.swift; sourceTree = "<group>"; };
		ACC67DEA1FE9A4CE00DAEE09 /* DeathScene.swift */ = {isa = PBXFileReference; lastKnownFileType = sourcecode.swift; path = DeathScene.swift; sourceTree = "<group>"; };
/* End PBXFileReference section */

/* Begin PBXFrameworksBuildPhase section */
		AC66CA001FA256D800A98F87 /* Frameworks */ = {
			isa = PBXFrameworksBuildPhase;
			buildActionMask = 2147483647;
			files = (
			);
			runOnlyForDeploymentPostprocessing = 0;
		};
/* End PBXFrameworksBuildPhase section */

/* Begin PBXGroup section */
		AC2AB70E1FE1AC95009794BD /* GameController */ = {
			isa = PBXGroup;
			children = (
				AC66CA1B1FA25A9100A98F87 /* CreativityViewController.swift */,
				AC2AB7081FE1AB03009794BD /* GameScene.swift */,
				AC2AB7091FE1AB03009794BD /* LevelCompleteScene.swift */,
				AC2AB70A1FE1AB04009794BD /* StartScene.swift */,
			);
			path = GameController;
			sourceTree = "<group>";
		};
		AC2AB7191FE1ADF0009794BD /* Sounds */ = {
			isa = PBXGroup;
			children = (
				AC2AB7121FE1ADB2009794BD /* boss sound.mp3 */,
				AC2AB7131FE1ADB2009794BD /* extra sound.mp3 */,
				AC2AB7101FE1ADB2009794BD /* invader sound.mp3 */,
				AC2AB70F1FE1ADB2009794BD /* laser sound.mp3 */,
				AC2AB7111FE1ADB2009794BD /* powerup sound.mp3 */,
			);
			path = Sounds;
			sourceTree = "<group>";
		};
		AC2AB72B1FE1B2F6009794BD /* GameModel */ = {
			isa = PBXGroup;
			children = (
				AC2AB71E1FE1AFDC009794BD /* Invader.swift */,
				AC2AB71F1FE1AFDC009794BD /* InvaderLaser.swift */,
				AC2AB7201FE1AFDC009794BD /* Player.swift */,
				AC2AB7211FE1AFDC009794BD /* PlayerLaser.swift */,
				AC2AB7221FE1AFDC009794BD /* Projectile.swift */,
				ACC67DEA1FE9A4CE00DAEE09 /* DeathScene.swift */,
			);
			path = GameModel;
			sourceTree = "<group>";
		};
		AC30F59B1FC35F39007ED23E /* Model */ = {
			isa = PBXGroup;
			children = (
				AC2AB72B1FE1B2F6009794BD /* GameModel */,
				AC30F59C1FC35F77007ED23E /* Cuddleable.swift */,
				AC30F59E1FC36019007ED23E /* StuffedAnimal.swift */,
				AC66CA181FA257DA00A98F87 /* Controller */,
			);
			path = Model;
			sourceTree = "<group>";
		};
		AC66C9FA1FA256D800A98F87 = {
			isa = PBXGroup;
			children = (
				AC66CA051FA256D800A98F87 /* Kashish_CSP */,
				AC66CA041FA256D800A98F87 /* Products */,
			);
			sourceTree = "<group>";
		};
		AC66CA041FA256D800A98F87 /* Products */ = {
			isa = PBXGroup;
			children = (
				AC66CA031FA256D800A98F87 /* Kashish_CSP.app */,
			);
			name = Products;
			sourceTree = "<group>";
		};
		AC66CA051FA256D800A98F87 /* Kashish_CSP */ = {
			isa = PBXGroup;
			children = (
				AC30F59B1FC35F39007ED23E /* Model */,
				AC66CA1A1FA2586E00A98F87 /* View */,
				AC66CA191FA2583A00A98F87 /* Resources */,
			);
			path = Kashish_CSP;
			sourceTree = "<group>";
		};
		AC66CA181FA257DA00A98F87 /* Controller */ = {
			isa = PBXGroup;
			children = (
				AC2AB70E1FE1AC95009794BD /* GameController */,
				AC66CA061FA256D800A98F87 /* AppDelegate.swift */,
				AC66CA081FA256D800A98F87 /* ViewController.swift */,
				AC66CA1F1FA25AC700A98F87 /* DataViewController.swift */,
				AC66CA1D1FA25AAA00A98F87 /* AbstractionViewController.swift */,
				AC66CA211FA25AE000A98F87 /* AlgorithmsViewController.swift */,
				AC66CA271FA25CF800A98F87 /* ImpactViewController.swift */,
				AC66CA231FA25AF800A98F87 /* ProgrammingViewController.swift */,
				AC96A62A1FCF39E5005C50F8 /* InternetDetailViewController.swift */,
				AC66CA251FA25B1100A98F87 /* InternetMasterViewController.swift */,
				ACAAFF3A1FD9D367007F3FC1 /* ArtCell.swift */,
			);
			path = Controller;
			sourceTree = "<group>";
		};
		AC66CA191FA2583A00A98F87 /* Resources */ = {
			isa = PBXGroup;
			children = (
				AC2AB71A1FE1AE98009794BD /* Utilities.swift */,
				AC2AB7191FE1ADF0009794BD /* Sounds */,
				AC66CA0D1FA256D800A98F87 /* Assets.xcassets */,
				AC66CA121FA256D800A98F87 /* Info.plist */,
			);
			path = Resources;
			sourceTree = "<group>";
		};
		AC66CA1A1FA2586E00A98F87 /* View */ = {
			isa = PBXGroup;
			children = (
				AC2AB71C1FE1AF71009794BD /* StarField.sks */,
				AC2AB72A1FE1B26B009794BD /* Main.storyboard */,
				AC66CA0F1FA256D800A98F87 /* LaunchScreen.storyboard */,
				ACB973FD1FD72A3D00ACEFD3 /* DrawingView.swift */,
			);
			path = View;
			sourceTree = "<group>";
		};
/* End PBXGroup section */

/* Begin PBXNativeTarget section */
		AC66CA021FA256D800A98F87 /* Kashish_CSP */ = {
			isa = PBXNativeTarget;
			buildConfigurationList = AC66CA151FA256D800A98F87 /* Build configuration list for PBXNativeTarget "Kashish_CSP" */;
			buildPhases = (
				AC66C9FF1FA256D800A98F87 /* Sources */,
				AC66CA001FA256D800A98F87 /* Frameworks */,
				AC66CA011FA256D800A98F87 /* Resources */,
			);
			buildRules = (
			);
			dependencies = (
			);
			name = Kashish_CSP;
			productName = Kashish_CSP;
			productReference = AC66CA031FA256D800A98F87 /* Kashish_CSP.app */;
			productType = "com.apple.product-type.application";
		};
/* End PBXNativeTarget section */

/* Begin PBXProject section */
		AC66C9FB1FA256D800A98F87 /* Project object */ = {
			isa = PBXProject;
			attributes = {
				LastSwiftUpdateCheck = 0900;
				LastUpgradeCheck = 0900;
				ORGANIZATIONNAME = CTEC;
				TargetAttributes = {
					AC66CA021FA256D800A98F87 = {
						CreatedOnToolsVersion = 9.0;
						ProvisioningStyle = Automatic;
					};
				};
			};
			buildConfigurationList = AC66C9FE1FA256D800A98F87 /* Build configuration list for PBXProject "Kashish_CSP" */;
			compatibilityVersion = "Xcode 8.0";
			developmentRegion = en;
			hasScannedForEncodings = 0;
			knownRegions = (
				en,
				Base,
			);
			mainGroup = AC66C9FA1FA256D800A98F87;
			productRefGroup = AC66CA041FA256D800A98F87 /* Products */;
			projectDirPath = "";
			projectRoot = "";
			targets = (
				AC66CA021FA256D800A98F87 /* Kashish_CSP */,
			);
		};
/* End PBXProject section */

/* Begin PBXResourcesBuildPhase section */
		AC66CA011FA256D800A98F87 /* Resources */ = {
			isa = PBXResourcesBuildPhase;
			buildActionMask = 2147483647;
			files = (
				AC66CA111FA256D800A98F87 /* LaunchScreen.storyboard in Resources */,
				AC2AB7171FE1ADB3009794BD /* boss sound.mp3 in Resources */,
				AC2AB7181FE1ADB3009794BD /* extra sound.mp3 in Resources */,
				AC2AB7141FE1ADB3009794BD /* laser sound.mp3 in Resources */,
				AC66CA0E1FA256D800A98F87 /* Assets.xcassets in Resources */,
				AC2AB7151FE1ADB3009794BD /* invader sound.mp3 in Resources */,
				AC2AB72C1FE1BC21009794BD /* Main.storyboard in Resources */,
				AC2AB71D1FE1AF72009794BD /* StarField.sks in Resources */,
				AC2AB7161FE1ADB3009794BD /* powerup sound.mp3 in Resources */,
			);
			runOnlyForDeploymentPostprocessing = 0;
		};
/* End PBXResourcesBuildPhase section */

/* Begin PBXSourcesBuildPhase section */
		AC66C9FF1FA256D800A98F87 /* Sources */ = {
			isa = PBXSourcesBuildPhase;
			buildActionMask = 2147483647;
			files = (
				AC2AB70B1FE1AB04009794BD /* GameScene.swift in Sources */,
				AC2AB70D1FE1AB04009794BD /* StartScene.swift in Sources */,
				AC66CA091FA256D800A98F87 /* ViewController.swift in Sources */,
				AC2AB70C1FE1AB04009794BD /* LevelCompleteScene.swift in Sources */,
				AC2AB7251FE1AFDC009794BD /* Player.swift in Sources */,
				AC66CA281FA25CF800A98F87 /* ImpactViewController.swift in Sources */,
				AC2AB7261FE1AFDC009794BD /* PlayerLaser.swift in Sources */,
				AC66CA241FA25AF800A98F87 /* ProgrammingViewController.swift in Sources */,
				AC2AB7231FE1AFDC009794BD /* Invader.swift in Sources */,
				AC2AB71B1FE1AE98009794BD /* Utilities.swift in Sources */,
				AC66CA071FA256D800A98F87 /* AppDelegate.swift in Sources */,
				AC96A62B1FCF39E5005C50F8 /* InternetDetailViewController.swift in Sources */,
				AC66CA201FA25AC700A98F87 /* DataViewController.swift in Sources */,
				AC66CA1C1FA25A9100A98F87 /* CreativityViewController.swift in Sources */,
				AC30F59F1FC36019007ED23E /* StuffedAnimal.swift in Sources */,
				AC2AB7271FE1AFDC009794BD /* Projectile.swift in Sources */,
				AC2AB7241FE1AFDC009794BD /* InvaderLaser.swift in Sources */,
				AC30F59D1FC35F77007ED23E /* Cuddleable.swift in Sources */,
				AC66CA221FA25AE000A98F87 /* AlgorithmsViewController.swift in Sources */,
				AC66CA1E1FA25AAA00A98F87 /* AbstractionViewController.swift in Sources */,
				AC66CA261FA25B1100A98F87 /* InternetMasterViewController.swift in Sources */,
				ACAAFF3B1FD9D367007F3FC1 /* ArtCell.swift in Sources */,
				ACB973FE1FD72A3D00ACEFD3 /* DrawingView.swift in Sources */,
				ACC67DEB1FE9A4CE00DAEE09 /* DeathScene.swift in Sources */,
			);
			runOnlyForDeploymentPostprocessing = 0;
		};
/* End PBXSourcesBuildPhase section */

/* Begin PBXVariantGroup section */
		AC66CA0F1FA256D800A98F87 /* LaunchScreen.storyboard */ = {
			isa = PBXVariantGroup;
			children = (
				AC66CA101FA256D800A98F87 /* Base */,
			);
			name = LaunchScreen.storyboard;
			sourceTree = "<group>";
		};
/* End PBXVariantGroup section */

/* Begin XCBuildConfiguration section */
		AC66CA131FA256D800A98F87 /* Debug */ = {
			isa = XCBuildConfiguration;
			buildSettings = {
				ALWAYS_SEARCH_USER_PATHS = NO;
				CLANG_ANALYZER_NONNULL = YES;
				CLANG_ANALYZER_NUMBER_OBJECT_CONVERSION = YES_AGGRESSIVE;
				CLANG_CXX_LANGUAGE_STANDARD = "gnu++14";
				CLANG_CXX_LIBRARY = "libc++";
				CLANG_ENABLE_MODULES = YES;
				CLANG_ENABLE_OBJC_ARC = YES;
				CLANG_WARN_BLOCK_CAPTURE_AUTORELEASING = YES;
				CLANG_WARN_BOOL_CONVERSION = YES;
				CLANG_WARN_COMMA = YES;
				CLANG_WARN_CONSTANT_CONVERSION = YES;
				CLANG_WARN_DIRECT_OBJC_ISA_USAGE = YES_ERROR;
				CLANG_WARN_DOCUMENTATION_COMMENTS = YES;
				CLANG_WARN_EMPTY_BODY = YES;
				CLANG_WARN_ENUM_CONVERSION = YES;
				CLANG_WARN_INFINITE_RECURSION = YES;
				CLANG_WARN_INT_CONVERSION = YES;
				CLANG_WARN_NON_LITERAL_NULL_CONVERSION = YES;
				CLANG_WARN_OBJC_LITERAL_CONVERSION = YES;
				CLANG_WARN_OBJC_ROOT_CLASS = YES_ERROR;
				CLANG_WARN_RANGE_LOOP_ANALYSIS = YES;
				CLANG_WARN_STRICT_PROTOTYPES = YES;
				CLANG_WARN_SUSPICIOUS_MOVE = YES;
				CLANG_WARN_UNGUARDED_AVAILABILITY = YES_AGGRESSIVE;
				CLANG_WARN_UNREACHABLE_CODE = YES;
				CLANG_WARN__DUPLICATE_METHOD_MATCH = YES;
				CODE_SIGN_IDENTITY = "iPhone Developer";
				COPY_PHASE_STRIP = NO;
				DEBUG_INFORMATION_FORMAT = dwarf;
				ENABLE_STRICT_OBJC_MSGSEND = YES;
				ENABLE_TESTABILITY = YES;
				GCC_C_LANGUAGE_STANDARD = gnu11;
				GCC_DYNAMIC_NO_PIC = NO;
				GCC_NO_COMMON_BLOCKS = YES;
				GCC_OPTIMIZATION_LEVEL = 0;
				GCC_PREPROCESSOR_DEFINITIONS = (
					"DEBUG=1",
					"$(inherited)",
				);
				GCC_WARN_64_TO_32_BIT_CONVERSION = YES;
				GCC_WARN_ABOUT_RETURN_TYPE = YES_ERROR;
				GCC_WARN_UNDECLARED_SELECTOR = YES;
				GCC_WARN_UNINITIALIZED_AUTOS = YES_AGGRESSIVE;
				GCC_WARN_UNUSED_FUNCTION = YES;
				GCC_WARN_UNUSED_VARIABLE = YES;
				IPHONEOS_DEPLOYMENT_TARGET = 11.0;
				MTL_ENABLE_DEBUG_INFO = YES;
				ONLY_ACTIVE_ARCH = YES;
				SDKROOT = iphoneos;
				SWIFT_ACTIVE_COMPILATION_CONDITIONS = DEBUG;
				SWIFT_OPTIMIZATION_LEVEL = "-Onone";
			};
			name = Debug;
		};
		AC66CA141FA256D800A98F87 /* Release */ = {
			isa = XCBuildConfiguration;
			buildSettings = {
				ALWAYS_SEARCH_USER_PATHS = NO;
				CLANG_ANALYZER_NONNULL = YES;
				CLANG_ANALYZER_NUMBER_OBJECT_CONVERSION = YES_AGGRESSIVE;
				CLANG_CXX_LANGUAGE_STANDARD = "gnu++14";
				CLANG_CXX_LIBRARY = "libc++";
				CLANG_ENABLE_MODULES = YES;
				CLANG_ENABLE_OBJC_ARC = YES;
				CLANG_WARN_BLOCK_CAPTURE_AUTORELEASING = YES;
				CLANG_WARN_BOOL_CONVERSION = YES;
				CLANG_WARN_COMMA = YES;
				CLANG_WARN_CONSTANT_CONVERSION = YES;
				CLANG_WARN_DIRECT_OBJC_ISA_USAGE = YES_ERROR;
				CLANG_WARN_DOCUMENTATION_COMMENTS = YES;
				CLANG_WARN_EMPTY_BODY = YES;
				CLANG_WARN_ENUM_CONVERSION = YES;
				CLANG_WARN_INFINITE_RECURSION = YES;
				CLANG_WARN_INT_CONVERSION = YES;
				CLANG_WARN_NON_LITERAL_NULL_CONVERSION = YES;
				CLANG_WARN_OBJC_LITERAL_CONVERSION = YES;
				CLANG_WARN_OBJC_ROOT_CLASS = YES_ERROR;
				CLANG_WARN_RANGE_LOOP_ANALYSIS = YES;
				CLANG_WARN_STRICT_PROTOTYPES = YES;
				CLANG_WARN_SUSPICIOUS_MOVE = YES;
				CLANG_WARN_UNGUARDED_AVAILABILITY = YES_AGGRESSIVE;
				CLANG_WARN_UNREACHABLE_CODE = YES;
				CLANG_WARN__DUPLICATE_METHOD_MATCH = YES;
				CODE_SIGN_IDENTITY = "iPhone Developer";
				COPY_PHASE_STRIP = NO;
				DEBUG_INFORMATION_FORMAT = "dwarf-with-dsym";
				ENABLE_NS_ASSERTIONS = NO;
				ENABLE_STRICT_OBJC_MSGSEND = YES;
				GCC_C_LANGUAGE_STANDARD = gnu11;
				GCC_NO_COMMON_BLOCKS = YES;
				GCC_WARN_64_TO_32_BIT_CONVERSION = YES;
				GCC_WARN_ABOUT_RETURN_TYPE = YES_ERROR;
				GCC_WARN_UNDECLARED_SELECTOR = YES;
				GCC_WARN_UNINITIALIZED_AUTOS = YES_AGGRESSIVE;
				GCC_WARN_UNUSED_FUNCTION = YES;
				GCC_WARN_UNUSED_VARIABLE = YES;
				IPHONEOS_DEPLOYMENT_TARGET = 11.0;
				MTL_ENABLE_DEBUG_INFO = NO;
				SDKROOT = iphoneos;
				SWIFT_OPTIMIZATION_LEVEL = "-Owholemodule";
				VALIDATE_PRODUCT = YES;
			};
			name = Release;
		};
		AC66CA161FA256D800A98F87 /* Debug */ = {
			isa = XCBuildConfiguration;
			buildSettings = {
				ASSETCATALOG_COMPILER_APPICON_NAME = AppIcon;
				CODE_SIGN_STYLE = Automatic;
				DEVELOPMENT_TEAM = X77K8LBKTS;
				INFOPLIST_FILE = "$(SRCROOT)/Kashish_CSP/Resources/Info.plist";
				LD_RUNPATH_SEARCH_PATHS = "$(inherited) @executable_path/Frameworks";
				PRODUCT_BUNDLE_IDENTIFIER = "CTEC.Kashish-CSP";
				PRODUCT_NAME = "$(TARGET_NAME)";
				SWIFT_VERSION = 4.0;
				TARGETED_DEVICE_FAMILY = "1,2";
			};
			name = Debug;
		};
		AC66CA171FA256D800A98F87 /* Release */ = {
			isa = XCBuildConfiguration;
			buildSettings = {
				ASSETCATALOG_COMPILER_APPICON_NAME = AppIcon;
				CODE_SIGN_STYLE = Automatic;
				DEVELOPMENT_TEAM = X77K8LBKTS;
				INFOPLIST_FILE = "$(SRCROOT)/Kashish_CSP/Resources/Info.plist";
				LD_RUNPATH_SEARCH_PATHS = "$(inherited) @executable_path/Frameworks";
				PRODUCT_BUNDLE_IDENTIFIER = "CTEC.Kashish-CSP";
				PRODUCT_NAME = "$(TARGET_NAME)";
				SWIFT_VERSION = 4.0;
				TARGETED_DEVICE_FAMILY = "1,2";
			};
			name = Release;
		};
/* End XCBuildConfiguration section */

/* Begin XCConfigurationList section */
		AC66C9FE1FA256D800A98F87 /* Build configuration list for PBXProject "Kashish_CSP" */ = {
			isa = XCConfigurationList;
			buildConfigurations = (
				AC66CA131FA256D800A98F87 /* Debug */,
				AC66CA141FA256D800A98F87 /* Release */,
			);
			defaultConfigurationIsVisible = 0;
			defaultConfigurationName = Release;
		};
		AC66CA151FA256D800A98F87 /* Build configuration list for PBXNativeTarget "Kashish_CSP" */ = {
			isa = XCConfigurationList;
			buildConfigurations = (
				AC66CA161FA256D800A98F87 /* Debug */,
				AC66CA171FA256D800A98F87 /* Release */,
			);
			defaultConfigurationIsVisible = 0;
			defaultConfigurationName = Release;
		};
/* End XCConfigurationList section */
	};
	rootObject = AC66C9FB1FA256D800A98F87 /* Project object */;
}
